
Microsoft Visual Studio Solution File, Format Version 12.00
# Visual Studio Version 16
VisualStudioVersion = 16.0.30011.19
MinimumVisualStudioVersion = 10.0.40219.1
Project("{2150E333-8FDC-42A3-9474-1A3956D46DE8}") = "Services", "Services", "{7A12108D-5149-4C04-BAC6-00D42061AE72}"
EndProject
Project("{2150E333-8FDC-42A3-9474-1A3956D46DE8}") = "Presentation", "Presentation", "{80D6748D-28B0-4C92-9167-AABF2170E2B3}"
EndProject
Project("{2150E333-8FDC-42A3-9474-1A3956D46DE8}") = "Domain", "Domain", "{ED5A475A-DD83-4D4B-9EB6-30225EE773ED}"
EndProject
Project("{2150E333-8FDC-42A3-9474-1A3956D46DE8}") = "Infra.Bus", "Infra.Bus", "{2F5CB70D-863B-4734-B480-CDB0FA08079A}"
EndProject
Project("{2150E333-8FDC-42A3-9474-1A3956D46DE8}") = "Infra.IoC", "Infra.IoC", "{250C390A-B50B-4682-A939-654D233921BE}"
EndProject
Project("{9A19103F-16F7-4668-BE54-9A1E7A4F7556}") = "MicroserviceRabbitMQ.Domain.Core", "MicroserviceRabbitMQ.Domain.Core\MicroserviceRabbitMQ.Domain.Core.csproj", "{37B9C3A3-E6D7-418A-910F-1FB506764A97}"
EndProject
Project("{9A19103F-16F7-4668-BE54-9A1E7A4F7556}") = "MicroserviceRabbitMQ.Infra.Bus", "MicroserviceRabbitMQ.Infra.Bus\MicroserviceRabbitMQ.Infra.Bus.csproj", "{BC04E07F-DFA7-4464-9A4A-8F98A44C689A}"
EndProject
Project("{2150E333-8FDC-42A3-9474-1A3956D46DE8}") = "Solution Items", "Solution Items", "{9907BB0D-5C8B-4BF9-AFBB-0AA5FA04E902}"
	ProjectSection(SolutionItems) = preProject
		.gitignore = .gitignore
	EndProjectSection
EndProject
Project("{9A19103F-16F7-4668-BE54-9A1E7A4F7556}") = "MicroserviceRabbitMQ.Infra.IoC", "MicroserviceRabbitMQ.Infra.IoC\MicroserviceRabbitMQ.Infra.IoC.csproj", "{1AE64EB6-9CC7-4017-96D1-7C611EE2E449}"
EndProject
Project("{2150E333-8FDC-42A3-9474-1A3956D46DE8}") = "Banking", "Banking", "{6210196A-B07F-4209-8A09-F561688CC70F}"
EndProject
Project("{2150E333-8FDC-42A3-9474-1A3956D46DE8}") = "API", "API", "{2D2932E0-C019-4226-9BE7-0341648BAD68}"
EndProject
Project("{2150E333-8FDC-42A3-9474-1A3956D46DE8}") = "Application", "Application", "{93B3A5B2-09DF-4619-B346-BD59D80268EE}"
EndProject
Project("{2150E333-8FDC-42A3-9474-1A3956D46DE8}") = "Data", "Data", "{CD400436-E693-4ACC-9527-3EC9AC47A379}"
EndProject
Project("{2150E333-8FDC-42A3-9474-1A3956D46DE8}") = "Domain", "Domain", "{E11F8BB6-768B-4355-8ED5-63F8024DDCA8}"
EndProject
Project("{9A19103F-16F7-4668-BE54-9A1E7A4F7556}") = "MicroserviceRabbitMQ.Services.Banking.API", "MicroserviceRabbitMQ.Services.Banking.API\MicroserviceRabbitMQ.Services.Banking.API.csproj", "{B85B5E7D-1FEC-4C2F-BB76-C0EE9C117382}"
EndProject
Project("{9A19103F-16F7-4668-BE54-9A1E7A4F7556}") = "MicroserviceRabbitMQ.Services.Banking.Application", "MicroserviceRabbitMQ.Services.Banking.Application\MicroserviceRabbitMQ.Services.Banking.Application.csproj", "{98F995DA-8EAF-4951-96C9-EFFD8D4A1DF5}"
EndProject
Project("{9A19103F-16F7-4668-BE54-9A1E7A4F7556}") = "MicroserviceRabbitMQ.Services.Banking.Data", "MicroserviceRabbitMQ.Services.Banking.Data\MicroserviceRabbitMQ.Services.Banking.Data.csproj", "{43FFA52F-D9B8-4772-B931-FD81536AB300}"
EndProject
Project("{9A19103F-16F7-4668-BE54-9A1E7A4F7556}") = "MicroserviceRabbitMQ.Services.Banking.Domain", "MicroserviceRabbitMQ.Services.Banking.Domain\MicroserviceRabbitMQ.Services.Banking.Domain.csproj", "{B8458F17-7C01-4900-94D1-82DD44D27EA5}"
EndProject
Global
	GlobalSection(SolutionConfigurationPlatforms) = preSolution
		Debug|Any CPU = Debug|Any CPU
		Release|Any CPU = Release|Any CPU
	EndGlobalSection
	GlobalSection(ProjectConfigurationPlatforms) = postSolution
		{37B9C3A3-E6D7-418A-910F-1FB506764A97}.Debug|Any CPU.ActiveCfg = Debug|Any CPU
		{37B9C3A3-E6D7-418A-910F-1FB506764A97}.Debug|Any CPU.Build.0 = Debug|Any CPU
		{37B9C3A3-E6D7-418A-910F-1FB506764A97}.Release|Any CPU.ActiveCfg = Release|Any CPU
		{37B9C3A3-E6D7-418A-910F-1FB506764A97}.Release|Any CPU.Build.0 = Release|Any CPU
		{BC04E07F-DFA7-4464-9A4A-8F98A44C689A}.Debug|Any CPU.ActiveCfg = Debug|Any CPU
		{BC04E07F-DFA7-4464-9A4A-8F98A44C689A}.Debug|Any CPU.Build.0 = Debug|Any CPU
		{BC04E07F-DFA7-4464-9A4A-8F98A44C689A}.Release|Any CPU.ActiveCfg = Release|Any CPU
		{BC04E07F-DFA7-4464-9A4A-8F98A44C689A}.Release|Any CPU.Build.0 = Release|Any CPU
		{1AE64EB6-9CC7-4017-96D1-7C611EE2E449}.Debug|Any CPU.ActiveCfg = Debug|Any CPU
		{1AE64EB6-9CC7-4017-96D1-7C611EE2E449}.Debug|Any CPU.Build.0 = Debug|Any CPU
		{1AE64EB6-9CC7-4017-96D1-7C611EE2E449}.Release|Any CPU.ActiveCfg = Release|Any CPU
		{1AE64EB6-9CC7-4017-96D1-7C611EE2E449}.Release|Any CPU.Build.0 = Release|Any CPU
		{B85B5E7D-1FEC-4C2F-BB76-C0EE9C117382}.Debug|Any CPU.ActiveCfg = Debug|Any CPU
		{B85B5E7D-1FEC-4C2F-BB76-C0EE9C117382}.Debug|Any CPU.Build.0 = Debug|Any CPU
		{B85B5E7D-1FEC-4C2F-BB76-C0EE9C117382}.Release|Any CPU.ActiveCfg = Release|Any CPU
		{B85B5E7D-1FEC-4C2F-BB76-C0EE9C117382}.Release|Any CPU.Build.0 = Release|Any CPU
		{98F995DA-8EAF-4951-96C9-EFFD8D4A1DF5}.Debug|Any CPU.ActiveCfg = Debug|Any CPU
		{98F995DA-8EAF-4951-96C9-EFFD8D4A1DF5}.Debug|Any CPU.Build.0 = Debug|Any CPU
		{98F995DA-8EAF-4951-96C9-EFFD8D4A1DF5}.Release|Any CPU.ActiveCfg = Release|Any CPU
		{98F995DA-8EAF-4951-96C9-EFFD8D4A1DF5}.Release|Any CPU.Build.0 = Release|Any CPU
		{43FFA52F-D9B8-4772-B931-FD81536AB300}.Debug|Any CPU.ActiveCfg = Debug|Any CPU
		{43FFA52F-D9B8-4772-B931-FD81536AB300}.Debug|Any CPU.Build.0 = Debug|Any CPU
		{43FFA52F-D9B8-4772-B931-FD81536AB300}.Release|Any CPU.ActiveCfg = Release|Any CPU
		{43FFA52F-D9B8-4772-B931-FD81536AB300}.Release|Any CPU.Build.0 = Release|Any CPU
		{B8458F17-7C01-4900-94D1-82DD44D27EA5}.Debug|Any CPU.ActiveCfg = Debug|Any CPU
		{B8458F17-7C01-4900-94D1-82DD44D27EA5}.Debug|Any CPU.Build.0 = Debug|Any CPU
		{B8458F17-7C01-4900-94D1-82DD44D27EA5}.Release|Any CPU.ActiveCfg = Release|Any CPU
		{B8458F17-7C01-4900-94D1-82DD44D27EA5}.Release|Any CPU.Build.0 = Release|Any CPU
	EndGlobalSection
	GlobalSection(SolutionProperties) = preSolution
		HideSolutionNode = FALSE
	EndGlobalSection
	GlobalSection(NestedProjects) = preSolution
		{37B9C3A3-E6D7-418A-910F-1FB506764A97} = {ED5A475A-DD83-4D4B-9EB6-30225EE773ED}
		{BC04E07F-DFA7-4464-9A4A-8F98A44C689A} = {2F5CB70D-863B-4734-B480-CDB0FA08079A}
		{1AE64EB6-9CC7-4017-96D1-7C611EE2E449} = {250C390A-B50B-4682-A939-654D233921BE}
		{6210196A-B07F-4209-8A09-F561688CC70F} = {7A12108D-5149-4C04-BAC6-00D42061AE72}
		{2D2932E0-C019-4226-9BE7-0341648BAD68} = {6210196A-B07F-4209-8A09-F561688CC70F}
		{93B3A5B2-09DF-4619-B346-BD59D80268EE} = {6210196A-B07F-4209-8A09-F561688CC70F}
		{CD400436-E693-4ACC-9527-3EC9AC47A379} = {6210196A-B07F-4209-8A09-F561688CC70F}
		{E11F8BB6-768B-4355-8ED5-63F8024DDCA8} = {6210196A-B07F-4209-8A09-F561688CC70F}
		{B85B5E7D-1FEC-4C2F-BB76-C0EE9C117382} = {2D2932E0-C019-4226-9BE7-0341648BAD68}
		{98F995DA-8EAF-4951-96C9-EFFD8D4A1DF5} = {93B3A5B2-09DF-4619-B346-BD59D80268EE}
		{43FFA52F-D9B8-4772-B931-FD81536AB300} = {CD400436-E693-4ACC-9527-3EC9AC47A379}
		{B8458F17-7C01-4900-94D1-82DD44D27EA5} = {E11F8BB6-768B-4355-8ED5-63F8024DDCA8}
	EndGlobalSection
	GlobalSection(ExtensibilityGlobals) = postSolution
		SolutionGuid = {655B1C38-D852-4FA1-B71C-90679CFFE885}
	EndGlobalSection
EndGlobal
